// !$*UTF8*$!
{
	archiveVersion = 1;
	classes = {
	};
	objectVersion = 46;
	objects = {

/* Begin PBXBuildFile section */
		FF539E2C15A61A9200E6BB4E /* UIKit.framework in Frameworks */ = {isa = PBXBuildFile; fileRef = FF539E2B15A61A9200E6BB4E /* UIKit.framework */; };
		FF539E2E15A61A9300E6BB4E /* Foundation.framework in Frameworks */ = {isa = PBXBuildFile; fileRef = FF539E2D15A61A9200E6BB4E /* Foundation.framework */; };
		FF539E3015A61A9300E6BB4E /* CoreGraphics.framework in Frameworks */ = {isa = PBXBuildFile; fileRef = FF539E2F15A61A9300E6BB4E /* CoreGraphics.framework */; };
		FF539E3615A61A9300E6BB4E /* InfoPlist.strings in Resources */ = {isa = PBXBuildFile; fileRef = FF539E3415A61A9300E6BB4E /* InfoPlist.strings */; };
		FF539E3815A61A9300E6BB4E /* main.m in Sources */ = {isa = PBXBuildFile; fileRef = FF539E3715A61A9300E6BB4E /* main.m */; };
		FF539E3C15A61A9300E6BB4E /* RMAppDelegate.m in Sources */ = {isa = PBXBuildFile; fileRef = FF539E3B15A61A9300E6BB4E /* RMAppDelegate.m */; };
		FF539E3F15A61A9300E6BB4E /* MainStoryboard.storyboard in Resources */ = {isa = PBXBuildFile; fileRef = FF539E3D15A61A9300E6BB4E /* MainStoryboard.storyboard */; };
		FF539E4215A61A9300E6BB4E /* RMViewController.m in Sources */ = {isa = PBXBuildFile; fileRef = FF539E4115A61A9300E6BB4E /* RMViewController.m */; };
		FF539E4915A61AC400E6BB4E /* MapKit.framework in Frameworks */ = {isa = PBXBuildFile; fileRef = FF539E4815A61AC400E6BB4E /* MapKit.framework */; };
		FF539E5815A61FE400E6BB4E /* LoggerClient.m in Sources */ = {isa = PBXBuildFile; fileRef = FF539E5615A61FDC00E6BB4E /* LoggerClient.m */; };
		FF539E5A15A6201100E6BB4E /* CFNetwork.framework in Frameworks */ = {isa = PBXBuildFile; fileRef = FF539E5915A6201100E6BB4E /* CFNetwork.framework */; };
		FF539E5C15A6201500E6BB4E /* SystemConfiguration.framework in Frameworks */ = {isa = PBXBuildFile; fileRef = FF539E5B15A6201500E6BB4E /* SystemConfiguration.framework */; };
		FF539E5F15A622AE00E6BB4E /* GLKit.framework in Frameworks */ = {isa = PBXBuildFile; fileRef = FF539E5D15A622AE00E6BB4E /* GLKit.framework */; };
		FF539E6015A622AE00E6BB4E /* OpenGLES.framework in Frameworks */ = {isa = PBXBuildFile; fileRef = FF539E5E15A622AE00E6BB4E /* OpenGLES.framework */; };
		FF539E6215A6236C00E6BB4E /* QuartzCore.framework in Frameworks */ = {isa = PBXBuildFile; fileRef = FF539E6115A6236C00E6BB4E /* QuartzCore.framework */; };
/* End PBXBuildFile section */

/* Begin PBXFileReference section */
		FF539E2715A61A9200E6BB4E /* ReflctiveMapView.app */ = {isa = PBXFileReference; explicitFileType = wrapper.application; includeInIndex = 0; path = ReflctiveMapView.app; sourceTree = BUILT_PRODUCTS_DIR; };
		FF539E2B15A61A9200E6BB4E /* UIKit.framework */ = {isa = PBXFileReference; lastKnownFileType = wrapper.framework; name = UIKit.framework; path = System/Library/Frameworks/UIKit.framework; sourceTree = SDKROOT; };
		FF539E2D15A61A9200E6BB4E /* Foundation.framework */ = {isa = PBXFileReference; lastKnownFileType = wrapper.framework; name = Foundation.framework; path = System/Library/Frameworks/Foundation.framework; sourceTree = SDKROOT; };
		FF539E2F15A61A9300E6BB4E /* CoreGraphics.framework */ = {isa = PBXFileReference; lastKnownFileType = wrapper.framework; name = CoreGraphics.framework; path = System/Library/Frameworks/CoreGraphics.framework; sourceTree = SDKROOT; };
		FF539E3315A61A9300E6BB4E /* ReflctiveMapView-Info.plist */ = {isa = PBXFileReference; lastKnownFileType = text.plist.xml; path = "ReflctiveMapView-Info.plist"; sourceTree = "<group>"; };
		FF539E3515A61A9300E6BB4E /* en */ = {isa = PBXFileReference; lastKnownFileType = text.plist.strings; name = en; path = en.lproj/InfoPlist.strings; sourceTree = "<group>"; };
		FF539E3715A61A9300E6BB4E /* main.m */ = {isa = PBXFileReference; lastKnownFileType = sourcecode.c.objc; path = main.m; sourceTree = "<group>"; };
		FF539E3915A61A9300E6BB4E /* ReflctiveMapView-Prefix.pch */ = {isa = PBXFileReference; lastKnownFileType = sourcecode.c.h; path = "ReflctiveMapView-Prefix.pch"; sourceTree = "<group>"; };
		FF539E3A15A61A9300E6BB4E /* RMAppDelegate.h */ = {isa = PBXFileReference; lastKnownFileType = sourcecode.c.h; path = RMAppDelegate.h; sourceTree = "<group>"; };
		FF539E3B15A61A9300E6BB4E /* RMAppDelegate.m */ = {isa = PBXFileReference; lastKnownFileType = sourcecode.c.objc; path = RMAppDelegate.m; sourceTree = "<group>"; };
		FF539E3E15A61A9300E6BB4E /* en */ = {isa = PBXFileReference; lastKnownFileType = file.storyboard; name = en; path = en.lproj/MainStoryboard.storyboard; sourceTree = "<group>"; };
		FF539E4015A61A9300E6BB4E /* RMViewController.h */ = {isa = PBXFileReference; lastKnownFileType = sourcecode.c.h; path = RMViewController.h; sourceTree = "<group>"; };
		FF539E4115A61A9300E6BB4E /* RMViewController.m */ = {isa = PBXFileReference; lastKnownFileType = sourcecode.c.objc; path = RMViewController.m; sourceTree = "<group>"; };
		FF539E4815A61AC400E6BB4E /* MapKit.framework */ = {isa = PBXFileReference; lastKnownFileType = wrapper.framework; name = MapKit.framework; path = System/Library/Frameworks/MapKit.framework; sourceTree = SDKROOT; };
		FF539E5515A61FDC00E6BB4E /* LoggerClient.h */ = {isa = PBXFileReference; lastKnownFileType = sourcecode.c.h; name = LoggerClient.h; path = "NSLogger/Client Logger/iOS/LoggerClient.h"; sourceTree = SOURCE_ROOT; };
		FF539E5615A61FDC00E6BB4E /* LoggerClient.m */ = {isa = PBXFileReference; lastKnownFileType = sourcecode.c.objc; name = LoggerClient.m; path = "NSLogger/Client Logger/iOS/LoggerClient.m"; sourceTree = SOURCE_ROOT; };
		FF539E5715A61FDC00E6BB4E /* LoggerCommon.h */ = {isa = PBXFileReference; lastKnownFileType = sourcecode.c.h; name = LoggerCommon.h; path = "NSLogger/Client Logger/iOS/LoggerCommon.h"; sourceTree = SOURCE_ROOT; };
		FF539E5915A6201100E6BB4E /* CFNetwork.framework */ = {isa = PBXFileReference; lastKnownFileType = wrapper.framework; name = CFNetwork.framework; path = System/Library/Frameworks/CFNetwork.framework; sourceTree = SDKROOT; };
		FF539E5B15A6201500E6BB4E /* SystemConfiguration.framework */ = {isa = PBXFileReference; lastKnownFileType = wrapper.framework; name = SystemConfiguration.framework; path = System/Library/Frameworks/SystemConfiguration.framework; sourceTree = SDKROOT; };
		FF539E5D15A622AE00E6BB4E /* GLKit.framework */ = {isa = PBXFileReference; lastKnownFileType = wrapper.framework; name = GLKit.framework; path = System/Library/Frameworks/GLKit.framework; sourceTree = SDKROOT; };
		FF539E5E15A622AE00E6BB4E /* OpenGLES.framework */ = {isa = PBXFileReference; lastKnownFileType = wrapper.framework; name = OpenGLES.framework; path = System/Library/Frameworks/OpenGLES.framework; sourceTree = SDKROOT; };
		FF539E6115A6236C00E6BB4E /* QuartzCore.framework */ = {isa = PBXFileReference; lastKnownFileType = wrapper.framework; name = QuartzCore.framework; path = System/Library/Frameworks/QuartzCore.framework; sourceTree = SDKROOT; };
/* End PBXFileReference section */

/* Begin PBXFrameworksBuildPhase section */
		FF539E2415A61A9200E6BB4E /* Frameworks */ = {
			isa = PBXFrameworksBuildPhase;
			buildActionMask = 2147483647;
			files = (
				FF539E6215A6236C00E6BB4E /* QuartzCore.framework in Frameworks */,
				FF539E5F15A622AE00E6BB4E /* GLKit.framework in Frameworks */,
				FF539E6015A622AE00E6BB4E /* OpenGLES.framework in Frameworks */,
				FF539E5C15A6201500E6BB4E /* SystemConfiguration.framework in Frameworks */,
				FF539E5A15A6201100E6BB4E /* CFNetwork.framework in Frameworks */,
				FF539E2C15A61A9200E6BB4E /* UIKit.framework in Frameworks */,
				FF539E2E15A61A9300E6BB4E /* Foundation.framework in Frameworks */,
				FF539E3015A61A9300E6BB4E /* CoreGraphics.framework in Frameworks */,
				FF539E4915A61AC400E6BB4E /* MapKit.framework in Frameworks */,
			);
			runOnlyForDeploymentPostprocessing = 0;
		};
/* End PBXFrameworksBuildPhase section */

/* Begin PBXGroup section */
		FF539E1C15A61A9200E6BB4E = {
			isa = PBXGroup;
			children = (
				FF539E6115A6236C00E6BB4E /* QuartzCore.framework */,
				FF539E5D15A622AE00E6BB4E /* GLKit.framework */,
				FF539E5E15A622AE00E6BB4E /* OpenGLES.framework */,
				FF539E5B15A6201500E6BB4E /* SystemConfiguration.framework */,
				FF539E5915A6201100E6BB4E /* CFNetwork.framework */,
				FF539E4815A61AC400E6BB4E /* MapKit.framework */,
				FF539E3115A61A9300E6BB4E /* ReflctiveMapView */,
				FF539E2A15A61A9200E6BB4E /* Frameworks */,
				FF539E2815A61A9200E6BB4E /* Products */,
			);
			sourceTree = "<group>";
		};
		FF539E2815A61A9200E6BB4E /* Products */ = {
			isa = PBXGroup;
			children = (
				FF539E2715A61A9200E6BB4E /* ReflctiveMapView.app */,
			);
			name = Products;
			sourceTree = "<group>";
		};
		FF539E2A15A61A9200E6BB4E /* Frameworks */ = {
			isa = PBXGroup;
			children = (
				FF539E2B15A61A9200E6BB4E /* UIKit.framework */,
				FF539E2D15A61A9200E6BB4E /* Foundation.framework */,
				FF539E2F15A61A9300E6BB4E /* CoreGraphics.framework */,
			);
			name = Frameworks;
			sourceTree = "<group>";
		};
		FF539E3115A61A9300E6BB4E /* ReflctiveMapView */ = {
			isa = PBXGroup;
			children = (
				FF539E5515A61FDC00E6BB4E /* LoggerClient.h */,
				FF539E5615A61FDC00E6BB4E /* LoggerClient.m */,
				FF539E5715A61FDC00E6BB4E /* LoggerCommon.h */,
				FF539E3A15A61A9300E6BB4E /* RMAppDelegate.h */,
				FF539E3B15A61A9300E6BB4E /* RMAppDelegate.m */,
				FF539E3D15A61A9300E6BB4E /* MainStoryboard.storyboard */,
				FF539E4015A61A9300E6BB4E /* RMViewController.h */,
				FF539E4115A61A9300E6BB4E /* RMViewController.m */,
				FF539E3215A61A9300E6BB4E /* Supporting Files */,
			);
			path = ReflctiveMapView;
			sourceTree = "<group>";
		};
		FF539E3215A61A9300E6BB4E /* Supporting Files */ = {
			isa = PBXGroup;
			children = (
				FF539E3315A61A9300E6BB4E /* ReflctiveMapView-Info.plist */,
				FF539E3415A61A9300E6BB4E /* InfoPlist.strings */,
				FF539E3715A61A9300E6BB4E /* main.m */,
				FF539E3915A61A9300E6BB4E /* ReflctiveMapView-Prefix.pch */,
			);
			name = "Supporting Files";
			sourceTree = "<group>";
		};
/* End PBXGroup section */

/* Begin PBXNativeTarget section */
		FF539E2615A61A9200E6BB4E /* ReflctiveMapView */ = {
			isa = PBXNativeTarget;
			buildConfigurationList = FF539E4515A61A9300E6BB4E /* Build configuration list for PBXNativeTarget "ReflctiveMapView" */;
			buildPhases = (
				FF539E2315A61A9200E6BB4E /* Sources */,
				FF539E2415A61A9200E6BB4E /* Frameworks */,
				FF539E2515A61A9200E6BB4E /* Resources */,
			);
			buildRules = (
			);
			dependencies = (
			);
			name = ReflctiveMapView;
			productName = ReflctiveMapView;
			productReference = FF539E2715A61A9200E6BB4E /* ReflctiveMapView.app */;
			productType = "com.apple.product-type.application";
		};
/* End PBXNativeTarget section */

/* Begin PBXProject section */
		FF539E1E15A61A9200E6BB4E /* Project object */ = {
			isa = PBXProject;
			attributes = {
				CLASSPREFIX = RM;
				ORGANIZATIONNAME = "Iridia Productions";
			};
			buildConfigurationList = FF539E2115A61A9200E6BB4E /* Build configuration list for PBXProject "ReflctiveMapView" */;
			compatibilityVersion = "Xcode 3.2";
			developmentRegion = English;
			hasScannedForEncodings = 0;
			knownRegions = (
				en,
			);
			mainGroup = FF539E1C15A61A9200E6BB4E;
			productRefGroup = FF539E2815A61A9200E6BB4E /* Products */;
			projectDirPath = "";
			projectRoot = "";
			targets = (
				FF539E2615A61A9200E6BB4E /* ReflctiveMapView */,
			);
		};
/* End PBXProject section */

/* Begin PBXResourcesBuildPhase section */
		FF539E2515A61A9200E6BB4E /* Resources */ = {
			isa = PBXResourcesBuildPhase;
			buildActionMask = 2147483647;
			files = (
				FF539E3615A61A9300E6BB4E /* InfoPlist.strings in Resources */,
				FF539E3F15A61A9300E6BB4E /* MainStoryboard.storyboard in Resources */,
			);
			runOnlyForDeploymentPostprocessing = 0;
		};
/* End PBXResourcesBuildPhase section */

/* Begin PBXSourcesBuildPhase section */
		FF539E2315A61A9200E6BB4E /* Sources */ = {
			isa = PBXSourcesBuildPhase;
			buildActionMask = 2147483647;
			files = (
				FF539E3815A61A9300E6BB4E /* main.m in Sources */,
				FF539E3C15A61A9300E6BB4E /* RMAppDelegate.m in Sources */,
				FF539E4215A61A9300E6BB4E /* RMViewController.m in Sources */,
				FF539E5815A61FE400E6BB4E /* LoggerClient.m in Sources */,
			);
			runOnlyForDeploymentPostprocessing = 0;
		};
/* End PBXSourcesBuildPhase section */

/* Begin PBXVariantGroup section */
		FF539E3415A61A9300E6BB4E /* InfoPlist.strings */ = {
			isa = PBXVariantGroup;
			children = (
				FF539E3515A61A9300E6BB4E /* en */,
			);
			name = InfoPlist.strings;
			sourceTree = "<group>";
		};
		FF539E3D15A61A9300E6BB4E /* MainStoryboard.storyboard */ = {
			isa = PBXVariantGroup;
			children = (
				FF539E3E15A61A9300E6BB4E /* en */,
			);
			name = MainStoryboard.storyboard;
			sourceTree = "<group>";
		};
/* End PBXVariantGroup section */

/* Begin XCBuildConfiguration section */
		FF539E4315A61A9300E6BB4E /* Debug */ = {
			isa = XCBuildConfiguration;
			buildSettings = {
				ALWAYS_SEARCH_USER_PATHS = NO;
				CLANG_CXX_LANGUAGE_STANDARD = "gnu++0x";
				CLANG_ENABLE_OBJC_ARC = YES;
				CLANG_WARN__DUPLICATE_METHOD_MATCH = YES;
				"CODE_SIGN_IDENTITY[sdk=iphoneos*]" = "iPhone Developer";
				COPY_PHASE_STRIP = NO;
				GCC_C_LANGUAGE_STANDARD = gnu99;
				GCC_DYNAMIC_NO_PIC = NO;
				GCC_OPTIMIZATION_LEVEL = 0;
				GCC_PREPROCESSOR_DEFINITIONS = (
					"DEBUG=1",
					"$(inherited)",
				);
				GCC_SYMBOLS_PRIVATE_EXTERN = NO;
				GCC_WARN_ABOUT_RETURN_TYPE = YES;
				GCC_WARN_UNINITIALIZED_AUTOS = YES;
				GCC_WARN_UNUSED_VARIABLE = YES;
				IPHONEOS_DEPLOYMENT_TARGET = 6.0;
				SDKROOT = iphoneos;
			};
			name = Debug;
		};
		FF539E4415A61A9300E6BB4E /* Release */ = {
			isa = XCBuildConfiguration;
			buildSettings = {
				ALWAYS_SEARCH_USER_PATHS = NO;
				CLANG_CXX_LANGUAGE_STANDARD = "gnu++0x";
				CLANG_ENABLE_OBJC_ARC = YES;
				CLANG_WARN__DUPLICATE_METHOD_MATCH = YES;
				"CODE_SIGN_IDENTITY[sdk=iphoneos*]" = "iPhone Developer";
				COPY_PHASE_STRIP = YES;
				GCC_C_LANGUAGE_STANDARD = gnu99;
				GCC_WARN_ABOUT_RETURN_TYPE = YES;
				GCC_WARN_UNINITIALIZED_AUTOS = YES;
				GCC_WARN_UNUSED_VARIABLE = YES;
				IPHONEOS_DEPLOYMENT_TARGET = 6.0;
				OTHER_CFLAGS = "-DNS_BLOCK_ASSERTIONS=1";
				SDKROOT = iphoneos;
				VALIDATE_PRODUCT = YES;
			};
			name = Release;
		};
		FF539E4615A61A9300E6BB4E /* Debug */ = {
			isa = XCBuildConfiguration;
			buildSettings = {
				GCC_PRECOMPILE_PREFIX_HEADER = YES;
				GCC_PREFIX_HEADER = "ReflctiveMapView/ReflctiveMapView-Prefix.pch";
				INFOPLIST_FILE = "ReflctiveMapView/ReflctiveMapView-Info.plist";
				PRODUCT_NAME = "$(TARGET_NAME)";
				WRAPPER_EXTENSION = app;
			};
			name = Debug;
		};
		FF539E4715A61A9300E6BB4E /* Release */ = {
			isa = XCBuildConfiguration;
			buildSettings = {
				GCC_PRECOMPILE_PREFIX_HEADER = YES;
				GCC_PREFIX_HEADER = "ReflctiveMapView/ReflctiveMapView-Prefix.pch";
				INFOPLIST_FILE = "ReflctiveMapView/ReflctiveMapView-Info.plist";
				PRODUCT_NAME = "$(TARGET_NAME)";
				WRAPPER_EXTENSION = app;
			};
			name = Release;
		};
/* End XCBuildConfiguration section */

/* Begin XCConfigurationList section */
		FF539E2115A61A9200E6BB4E /* Build configuration list for PBXProject "ReflctiveMapView" */ = {
			isa = XCConfigurationList;
			buildConfigurations = (
				FF539E4315A61A9300E6BB4E /* Debug */,
				FF539E4415A61A9300E6BB4E /* Release */,
			);
			defaultConfigurationIsVisible = 0;
			defaultConfigurationName = Release;
		};
		FF539E4515A61A9300E6BB4E /* Build configuration list for PBXNativeTarget "ReflctiveMapView" */ = {
			isa = XCConfigurationList;
			buildConfigurations = (
				FF539E4615A61A9300E6BB4E /* Debug */,
				FF539E4715A61A9300E6BB4E /* Release */,
			);
			defaultConfigurationIsVisible = 0;
		};
/* End XCConfigurationList section */
	};
	rootObject = FF539E1E15A61A9200E6BB4E /* Project object */;
}
